# THIS IS AN AUTOGENERATED FILE. DO NOT EDIT THIS FILE DIRECTLY.
# yarn lockfile v1


angular-route@^1.6.4:
  version "1.6.4"
  resolved "https://registry.yarnpkg.com/angular-route/-/angular-route-1.6.4.tgz#7bb216fcda746a1b8c452054b05900a7074ecc62"

angular@^1.6.4:
  version "1.6.4"
  resolved "https://registry.yarnpkg.com/angular/-/angular-1.6.4.tgz#03b7b15c01a0802d7e2cf593240e604054dc77fb"

bootstrap@^3.3.7:
  version "3.3.7"
  resolved "https://registry.yarnpkg.com/bootstrap/-/bootstrap-3.3.7.tgz#5a389394549f23330875a3b150656574f8a9eb71"

highcharts@^5.0.12:
  version v5.0.12
  resolved "https://registry.yarnpkg.com/highcharts/-/highcharts-5.0.12.tgz#f73b970fe5c7f04100220b64aa7bd7fb019d11e2"

jquery@^3.2.1:
  version "3.2.1"
  resolved "https://registry.yarnpkg.com/jquery/-/jquery-3.2.1.tgz#5c4d9de652af6cd0a770154a631bba12b015c787"

lodash@^4.17.4:
  version "4.17.4"
  resolved "https://registry.yarnpkg.com/lodash/-/lodash-4.17.4.tgz#78203a4d1c328ae1d86dca6460e369b57f4055ae"

mgrs@1.0.0:
  version "1.0.0"
  resolved "https://registry.yarnpkg.com/mgrs/-/mgrs-1.0.0.tgz#fb91588e78c90025672395cb40b25f7cd6ad1829"

proj4@^2.4.3:
  version "2.4.3"
  resolved "https://registry.yarnpkg.com/proj4/-/proj4-2.4.3.tgz#f3bb7e631bffc047c36a1a3cc14533a03bbe9969"
  dependencies:
    mgrs "1.0.0"
    wkt-parser "^1.1.3"

wkt-parser@^1.1.3:
  version "1.2.0"
  resolved "https://registry.yarnpkg.com/wkt-parser/-/wkt-parser-1.2.0.tgz#6d09f8bebffb34f122201d99c1d8381c994acb0e"
