# THIS IS AN AUTOGENERATED FILE. DO NOT EDIT THIS FILE DIRECTLY.
# yarn lockfile v1


angular-route@^1.6.4:
  version "1.6.4"
  resolved "https://registry.yarnpkg.com/angular-route/-/angular-route-1.6.4.tgz#7bb216fcda746a1b8c452054b05900a7074ecc62"

angular@^1.6.4:
  version "1.6.4"
  resolved "https://registry.yarnpkg.com/angular/-/angular-1.6.4.tgz#03b7b15c01a0802d7e2cf593240e604054dc77fb"

bootstrap@^3.3.7:
  version "3.3.7"
  resolved "https://registry.yarnpkg.com/bootstrap/-/bootstrap-3.3.7.tgz#5a389394549f23330875a3b150656574f8a9eb71"

highcharts@^5.0.12:
  version v5.0.12
  resolved "https://registry.yarnpkg.com/highcharts/-/highcharts-5.0.12.tgz#f73b970fe5c7f04100220b64aa7bd7fb019d11e2"

lodash@^4.17.4:
  version "4.17.4"
  resolved "https://registry.yarnpkg.com/lodash/-/lodash-4.17.4.tgz#78203a4d1c328ae1d86dca6460e369b57f4055ae"
